
Microsoft Visual Studio Solution File, Format Version 11.00
# Visual C# Express 2010
Project("{FAE04EC0-301F-11D3-BF4B-00C04F79EFBC}") = "RuttoPuputLevelLoader", "RuttoPuputLevelLoader\RuttoPuputLevelLoader.csproj", "{3B765A97-5179-4B81-A854-3957F00FB36B}"
EndProject
Global
	GlobalSection(SolutionConfigurationPlatforms) = preSolution
		Debug|x86 = Debug|x86
	EndGlobalSection
	GlobalSection(ProjectConfigurationPlatforms) = postSolution
		{3B765A97-5179-4B81-A854-3957F00FB36B}.Debug|x86.ActiveCfg = Debug|x86
		{3B765A97-5179-4B81-A854-3957F00FB36B}.Debug|x86.Build.0 = Debug|x86
	EndGlobalSection
	GlobalSection(SolutionProperties) = preSolution
		HideSolutionNode = FALSE
	EndGlobalSection
EndGlobal
